// !$*UTF8*$!
{
	archiveVersion = 1;
	classes = {
	};
	objectVersion = 50;
	objects = {

/* Begin PBXBuildFile section */
		A277295C2445E9B900B09673 /* AppDelegate.swift in Sources */ = {isa = PBXBuildFile; fileRef = A277295B2445E9B900B09673 /* AppDelegate.swift */; };
		A277295E2445E9B900B09673 /* SceneDelegate.swift in Sources */ = {isa = PBXBuildFile; fileRef = A277295D2445E9B900B09673 /* SceneDelegate.swift */; };
		A27729602445E9B900B09673 /* ContentView.swift in Sources */ = {isa = PBXBuildFile; fileRef = A277295F2445E9B900B09673 /* ContentView.swift */; };
		A27729622445E9BC00B09673 /* Assets.xcassets in Resources */ = {isa = PBXBuildFile; fileRef = A27729612445E9BC00B09673 /* Assets.xcassets */; };
		A27729652445E9BC00B09673 /* Preview Assets.xcassets in Resources */ = {isa = PBXBuildFile; fileRef = A27729642445E9BC00B09673 /* Preview Assets.xcassets */; };
		A27729682445E9BC00B09673 /* LaunchScreen.storyboard in Resources */ = {isa = PBXBuildFile; fileRef = A27729662445E9BC00B09673 /* LaunchScreen.storyboard */; };
		A29883FD244765DF00D5EEC1 /* TestingUIView.swift in Sources */ = {isa = PBXBuildFile; fileRef = A29883FC244765DF00D5EEC1 /* TestingUIView.swift */; };
/* End PBXBuildFile section */

/* Begin PBXFileReference section */
		A27729582445E9B900B09673 /* AnimatedChart.app */ = {isa = PBXFileReference; explicitFileType = wrapper.application; includeInIndex = 0; path = AnimatedChart.app; sourceTree = BUILT_PRODUCTS_DIR; };
		A277295B2445E9B900B09673 /* AppDelegate.swift */ = {isa = PBXFileReference; lastKnownFileType = sourcecode.swift; path = AppDelegate.swift; sourceTree = "<group>"; };
		A277295D2445E9B900B09673 /* SceneDelegate.swift */ = {isa = PBXFileReference; lastKnownFileType = sourcecode.swift; path = SceneDelegate.swift; sourceTree = "<group>"; };
		A277295F2445E9B900B09673 /* ContentView.swift */ = {isa = PBXFileReference; lastKnownFileType = sourcecode.swift; path = ContentView.swift; sourceTree = "<group>"; };
		A27729612445E9BC00B09673 /* Assets.xcassets */ = {isa = PBXFileReference; lastKnownFileType = folder.assetcatalog; path = Assets.xcassets; sourceTree = "<group>"; };
		A27729642445E9BC00B09673 /* Preview Assets.xcassets */ = {isa = PBXFileReference; lastKnownFileType = folder.assetcatalog; path = "Preview Assets.xcassets"; sourceTree = "<group>"; };
		A27729672445E9BC00B09673 /* Base */ = {isa = PBXFileReference; lastKnownFileType = file.storyboard; name = Base; path = Base.lproj/LaunchScreen.storyboard; sourceTree = "<group>"; };
		A27729692445E9BC00B09673 /* Info.plist */ = {isa = PBXFileReference; lastKnownFileType = text.plist.xml; path = Info.plist; sourceTree = "<group>"; };
		A29883FC244765DF00D5EEC1 /* TestingUIView.swift */ = {isa = PBXFileReference; lastKnownFileType = sourcecode.swift; path = TestingUIView.swift; sourceTree = "<group>"; };
/* End PBXFileReference section */

/* Begin PBXFrameworksBuildPhase section */
		A27729552445E9B900B09673 /* Frameworks */ = {
			isa = PBXFrameworksBuildPhase;
			buildActionMask = 2147483647;
			files = (
			);
			runOnlyForDeploymentPostprocessing = 0;
		};
/* End PBXFrameworksBuildPhase section */

/* Begin PBXGroup section */
		A277294F2445E9B900B09673 = {
			isa = PBXGroup;
			children = (
				A277295A2445E9B900B09673 /* AnimatedChart */,
				A27729592445E9B900B09673 /* Products */,
			);
			sourceTree = "<group>";
		};
		A27729592445E9B900B09673 /* Products */ = {
			isa = PBXGroup;
			children = (
				A27729582445E9B900B09673 /* AnimatedChart.app */,
			);
			name = Products;
			sourceTree = "<group>";
		};
		A277295A2445E9B900B09673 /* AnimatedChart */ = {
			isa = PBXGroup;
			children = (
				A277295B2445E9B900B09673 /* AppDelegate.swift */,
				A277295D2445E9B900B09673 /* SceneDelegate.swift */,
				A277295F2445E9B900B09673 /* ContentView.swift */,
				A27729612445E9BC00B09673 /* Assets.xcassets */,
				A27729662445E9BC00B09673 /* LaunchScreen.storyboard */,
				A27729692445E9BC00B09673 /* Info.plist */,
				A27729632445E9BC00B09673 /* Preview Content */,
				A29883FC244765DF00D5EEC1 /* TestingUIView.swift */,
			);
			path = AnimatedChart;
			sourceTree = "<group>";
		};
		A27729632445E9BC00B09673 /* Preview Content */ = {
			isa = PBXGroup;
			children = (
				A27729642445E9BC00B09673 /* Preview Assets.xcassets */,
			);
			path = "Preview Content";
			sourceTree = "<group>";
		};
/* End PBXGroup section */

/* Begin PBXNativeTarget section */
		A27729572445E9B900B09673 /* AnimatedChart */ = {
			isa = PBXNativeTarget;
			buildConfigurationList = A277296C2445E9BC00B09673 /* Build configuration list for PBXNativeTarget "AnimatedChart" */;
			buildPhases = (
				A27729542445E9B900B09673 /* Sources */,
				A27729552445E9B900B09673 /* Frameworks */,
				A27729562445E9B900B09673 /* Resources */,
			);
			buildRules = (
			);
			dependencies = (
			);
			name = AnimatedChart;
			productName = AnimatedChart;
			productReference = A27729582445E9B900B09673 /* AnimatedChart.app */;
			productType = "com.apple.product-type.application";
		};
/* End PBXNativeTarget section */

/* Begin PBXProject section */
		A27729502445E9B900B09673 /* Project object */ = {
			isa = PBXProject;
			attributes = {
				LastSwiftUpdateCheck = 1140;
				LastUpgradeCheck = 1140;
				ORGANIZATIONNAME = "Thuc Pham";
				TargetAttributes = {
					A27729572445E9B900B09673 = {
						CreatedOnToolsVersion = 11.4;
					};
				};
			};
			buildConfigurationList = A27729532445E9B900B09673 /* Build configuration list for PBXProject "AnimatedChart" */;
			compatibilityVersion = "Xcode 9.3";
			developmentRegion = en;
			hasScannedForEncodings = 0;
			knownRegions = (
				en,
				Base,
			);
			mainGroup = A277294F2445E9B900B09673;
			productRefGroup = A27729592445E9B900B09673 /* Products */;
			projectDirPath = "";
			projectRoot = "";
			targets = (
				A27729572445E9B900B09673 /* AnimatedChart */,
			);
		};
/* End PBXProject section */

/* Begin PBXResourcesBuildPhase section */
		A27729562445E9B900B09673 /* Resources */ = {
			isa = PBXResourcesBuildPhase;
			buildActionMask = 2147483647;
			files = (
				A27729682445E9BC00B09673 /* LaunchScreen.storyboard in Resources */,
				A27729652445E9BC00B09673 /* Preview Assets.xcassets in Resources */,
				A27729622445E9BC00B09673 /* Assets.xcassets in Resources */,
			);
			runOnlyForDeploymentPostprocessing = 0;
		};
/* End PBXResourcesBuildPhase section */

/* Begin PBXSourcesBuildPhase section */
		A27729542445E9B900B09673 /* Sources */ = {
			isa = PBXSourcesBuildPhase;
			buildActionMask = 2147483647;
			files = (
				A277295C2445E9B900B09673 /* AppDelegate.swift in Sources */,
				A29883FD244765DF00D5EEC1 /* TestingUIView.swift in Sources */,
				A277295E2445E9B900B09673 /* SceneDelegate.swift in Sources */,
				A27729602445E9B900B09673 /* ContentView.swift in Sources */,
			);
			runOnlyForDeploymentPostprocessing = 0;
		};
/* End PBXSourcesBuildPhase section */

/* Begin PBXVariantGroup section */
		A27729662445E9BC00B09673 /* LaunchScreen.storyboard */ = {
			isa = PBXVariantGroup;
			children = (
				A27729672445E9BC00B09673 /* Base */,
			);
			name = LaunchScreen.storyboard;
			sourceTree = "<group>";
		};
/* End PBXVariantGroup section */

/* Begin XCBuildConfiguration section */
		A277296A2445E9BC00B09673 /* Debug */ = {
			isa = XCBuildConfiguration;
			buildSettings = {
				ALWAYS_SEARCH_USER_PATHS = NO;
				CLANG_ANALYZER_NONNULL = YES;
				CLANG_ANALYZER_NUMBER_OBJECT_CONVERSION = YES_AGGRESSIVE;
				CLANG_CXX_LANGUAGE_STANDARD = "gnu++14";
				CLANG_CXX_LIBRARY = "libc++";
				CLANG_ENABLE_MODULES = YES;
				CLANG_ENABLE_OBJC_ARC = YES;
				CLANG_ENABLE_OBJC_WEAK = YES;
				CLANG_WARN_BLOCK_CAPTURE_AUTORELEASING = YES;
				CLANG_WARN_BOOL_CONVERSION = YES;
				CLANG_WARN_COMMA = YES;
				CLANG_WARN_CONSTANT_CONVERSION = YES;
				CLANG_WARN_DEPRECATED_OBJC_IMPLEMENTATIONS = YES;
				CLANG_WARN_DIRECT_OBJC_ISA_USAGE = YES_ERROR;
				CLANG_WARN_DOCUMENTATION_COMMENTS = YES;
				CLANG_WARN_EMPTY_BODY = YES;
				CLANG_WARN_ENUM_CONVERSION = YES;
				CLANG_WARN_INFINITE_RECURSION = YES;
				CLANG_WARN_INT_CONVERSION = YES;
				CLANG_WARN_NON_LITERAL_NULL_CONVERSION = YES;
				CLANG_WARN_OBJC_IMPLICIT_RETAIN_SELF = YES;
				CLANG_WARN_OBJC_LITERAL_CONVERSION = YES;
				CLANG_WARN_OBJC_ROOT_CLASS = YES_ERROR;
				CLANG_WARN_RANGE_LOOP_ANALYSIS = YES;
				CLANG_WARN_STRICT_PROTOTYPES = YES;
				CLANG_WARN_SUSPICIOUS_MOVE = YES;
				CLANG_WARN_UNGUARDED_AVAILABILITY = YES_AGGRESSIVE;
				CLANG_WARN_UNREACHABLE_CODE = YES;
				CLANG_WARN__DUPLICATE_METHOD_MATCH = YES;
				COPY_PHASE_STRIP = NO;
				DEBUG_INFORMATION_FORMAT = dwarf;
				ENABLE_STRICT_OBJC_MSGSEND = YES;
				ENABLE_TESTABILITY = YES;
				GCC_C_LANGUAGE_STANDARD = gnu11;
				GCC_DYNAMIC_NO_PIC = NO;
				GCC_NO_COMMON_BLOCKS = YES;
				GCC_OPTIMIZATION_LEVEL = 0;
				GCC_PREPROCESSOR_DEFINITIONS = (
					"DEBUG=1",
					"$(inherited)",
				);
				GCC_WARN_64_TO_32_BIT_CONVERSION = YES;
				GCC_WARN_ABOUT_RETURN_TYPE = YES_ERROR;
				GCC_WARN_UNDECLARED_SELECTOR = YES;
				GCC_WARN_UNINITIALIZED_AUTOS = YES_AGGRESSIVE;
				GCC_WARN_UNUSED_FUNCTION = YES;
				GCC_WARN_UNUSED_VARIABLE = YES;
				IPHONEOS_DEPLOYMENT_TARGET = 13.4;
				MTL_ENABLE_DEBUG_INFO = INCLUDE_SOURCE;
				MTL_FAST_MATH = YES;
				ONLY_ACTIVE_ARCH = YES;
				SDKROOT = iphoneos;
				SWIFT_ACTIVE_COMPILATION_CONDITIONS = DEBUG;
				SWIFT_OPTIMIZATION_LEVEL = "-Onone";
			};
			name = Debug;
		};
		A277296B2445E9BC00B09673 /* Release */ = {
			isa = XCBuildConfiguration;
			buildSettings = {
				ALWAYS_SEARCH_USER_PATHS = NO;
				CLANG_ANALYZER_NONNULL = YES;
				CLANG_ANALYZER_NUMBER_OBJECT_CONVERSION = YES_AGGRESSIVE;
				CLANG_CXX_LANGUAGE_STANDARD = "gnu++14";
				CLANG_CXX_LIBRARY = "libc++";
				CLANG_ENABLE_MODULES = YES;
				CLANG_ENABLE_OBJC_ARC = YES;
				CLANG_ENABLE_OBJC_WEAK = YES;
				CLANG_WARN_BLOCK_CAPTURE_AUTORELEASING = YES;
				CLANG_WARN_BOOL_CONVERSION = YES;
				CLANG_WARN_COMMA = YES;
				CLANG_WARN_CONSTANT_CONVERSION = YES;
				CLANG_WARN_DEPRECATED_OBJC_IMPLEMENTATIONS = YES;
				CLANG_WARN_DIRECT_OBJC_ISA_USAGE = YES_ERROR;
				CLANG_WARN_DOCUMENTATION_COMMENTS = YES;
				CLANG_WARN_EMPTY_BODY = YES;
				CLANG_WARN_ENUM_CONVERSION = YES;
				CLANG_WARN_INFINITE_RECURSION = YES;
				CLANG_WARN_INT_CONVERSION = YES;
				CLANG_WARN_NON_LITERAL_NULL_CONVERSION = YES;
				CLANG_WARN_OBJC_IMPLICIT_RETAIN_SELF = YES;
				CLANG_WARN_OBJC_LITERAL_CONVERSION = YES;
				CLANG_WARN_OBJC_ROOT_CLASS = YES_ERROR;
				CLANG_WARN_RANGE_LOOP_ANALYSIS = YES;
				CLANG_WARN_STRICT_PROTOTYPES = YES;
				CLANG_WARN_SUSPICIOUS_MOVE = YES;
				CLANG_WARN_UNGUARDED_AVAILABILITY = YES_AGGRESSIVE;
				CLANG_WARN_UNREACHABLE_CODE = YES;
				CLANG_WARN__DUPLICATE_METHOD_MATCH = YES;
				COPY_PHASE_STRIP = NO;
				DEBUG_INFORMATION_FORMAT = "dwarf-with-dsym";
				ENABLE_NS_ASSERTIONS = NO;
				ENABLE_STRICT_OBJC_MSGSEND = YES;
				GCC_C_LANGUAGE_STANDARD = gnu11;
				GCC_NO_COMMON_BLOCKS = YES;
				GCC_WARN_64_TO_32_BIT_CONVERSION = YES;
				GCC_WARN_ABOUT_RETURN_TYPE = YES_ERROR;
				GCC_WARN_UNDECLARED_SELECTOR = YES;
				GCC_WARN_UNINITIALIZED_AUTOS = YES_AGGRESSIVE;
				GCC_WARN_UNUSED_FUNCTION = YES;
				GCC_WARN_UNUSED_VARIABLE = YES;
				IPHONEOS_DEPLOYMENT_TARGET = 13.4;
				MTL_ENABLE_DEBUG_INFO = NO;
				MTL_FAST_MATH = YES;
				SDKROOT = iphoneos;
				SWIFT_COMPILATION_MODE = wholemodule;
				SWIFT_OPTIMIZATION_LEVEL = "-O";
				VALIDATE_PRODUCT = YES;
			};
			name = Release;
		};
		A277296D2445E9BC00B09673 /* Debug */ = {
			isa = XCBuildConfiguration;
			buildSettings = {
				ASSETCATALOG_COMPILER_APPICON_NAME = AppIcon;
				CODE_SIGN_STYLE = Automatic;
				DEVELOPMENT_ASSET_PATHS = "\"AnimatedChart/Preview Content\"";
				ENABLE_PREVIEWS = YES;
				INFOPLIST_FILE = AnimatedChart/Info.plist;
				LD_RUNPATH_SEARCH_PATHS = (
					"$(inherited)",
					"@executable_path/Frameworks",
				);
				PRODUCT_BUNDLE_IDENTIFIER = com.thucpham.AnimatedChart;
				PRODUCT_NAME = "$(TARGET_NAME)";
				SWIFT_VERSION = 5.0;
				TARGETED_DEVICE_FAMILY = "1,2";
			};
			name = Debug;
		};
		A277296E2445E9BC00B09673 /* Release */ = {
			isa = XCBuildConfiguration;
			buildSettings = {
				ASSETCATALOG_COMPILER_APPICON_NAME = AppIcon;
				CODE_SIGN_STYLE = Automatic;
				DEVELOPMENT_ASSET_PATHS = "\"AnimatedChart/Preview Content\"";
				ENABLE_PREVIEWS = YES;
				INFOPLIST_FILE = AnimatedChart/Info.plist;
				LD_RUNPATH_SEARCH_PATHS = (
					"$(inherited)",
					"@executable_path/Frameworks",
				);
				PRODUCT_BUNDLE_IDENTIFIER = com.thucpham.AnimatedChart;
				PRODUCT_NAME = "$(TARGET_NAME)";
				SWIFT_VERSION = 5.0;
				TARGETED_DEVICE_FAMILY = "1,2";
			};
			name = Release;
		};
/* End XCBuildConfiguration section */

/* Begin XCConfigurationList section */
		A27729532445E9B900B09673 /* Build configuration list for PBXProject "AnimatedChart" */ = {
			isa = XCConfigurationList;
			buildConfigurations = (
				A277296A2445E9BC00B09673 /* Debug */,
				A277296B2445E9BC00B09673 /* Release */,
			);
			defaultConfigurationIsVisible = 0;
			defaultConfigurationName = Release;
		};
		A277296C2445E9BC00B09673 /* Build configuration list for PBXNativeTarget "AnimatedChart" */ = {
			isa = XCConfigurationList;
			buildConfigurations = (
				A277296D2445E9BC00B09673 /* Debug */,
				A277296E2445E9BC00B09673 /* Release */,
			);
			defaultConfigurationIsVisible = 0;
			defaultConfigurationName = Release;
		};
/* End XCConfigurationList section */
	};
	rootObject = A27729502445E9B900B09673 /* Project object */;
}
